// !$*UTF8*$!
{
	archiveVersion = 1;
	classes = {
	};
	objectVersion = 56;
	objects = {

/* Begin PBXBuildFile section */
		AB44FFDC2B318099001C748C /* SettingsView.swift in Sources */ = {isa = PBXBuildFile; fileRef = AB44FFDB2B318099001C748C /* SettingsView.swift */; };
		ABD258F32B26BAE900916F06 /* HikeApp.swift in Sources */ = {isa = PBXBuildFile; fileRef = ABD258F22B26BAE900916F06 /* HikeApp.swift */; };
		ABD258F52B26BAE900916F06 /* ContentView.swift in Sources */ = {isa = PBXBuildFile; fileRef = ABD258F42B26BAE900916F06 /* ContentView.swift */; };
		ABD258F72B26BAEA00916F06 /* Assets.xcassets in Resources */ = {isa = PBXBuildFile; fileRef = ABD258F62B26BAEA00916F06 /* Assets.xcassets */; };
		ABD258FA2B26BAEA00916F06 /* Preview Assets.xcassets in Resources */ = {isa = PBXBuildFile; fileRef = ABD258F92B26BAEA00916F06 /* Preview Assets.xcassets */; };
		ABD259012B26EE4A00916F06 /* CardView.swift in Sources */ = {isa = PBXBuildFile; fileRef = ABD259002B26EE4A00916F06 /* CardView.swift */; };
		ABD259042B26F06800916F06 /* CustomBackgroundView.swift in Sources */ = {isa = PBXBuildFile; fileRef = ABD259032B26F06800916F06 /* CustomBackgroundView.swift */; };
		ABD259072B26F51000916F06 /* ColorExtension.swift in Sources */ = {isa = PBXBuildFile; fileRef = ABD259062B26F51000916F06 /* ColorExtension.swift */; };
		ABD259092B26FAC300916F06 /* CustomButtonView.swift in Sources */ = {isa = PBXBuildFile; fileRef = ABD259082B26FAC300916F06 /* CustomButtonView.swift */; };
		ABD9756E2B3927910041AD6F /* CustomListRowView.swift in Sources */ = {isa = PBXBuildFile; fileRef = ABD9756D2B3927910041AD6F /* CustomListRowView.swift */; };
		ABE493172B2BFB4E0028A6A8 /* GradientButtonStyle.swift in Sources */ = {isa = PBXBuildFile; fileRef = ABE493162B2BFB4E0028A6A8 /* GradientButtonStyle.swift */; };
		ABF70D4F2B2C0AFC0082002E /* CustomCircleView.swift in Sources */ = {isa = PBXBuildFile; fileRef = ABF70D4E2B2C0AFC0082002E /* CustomCircleView.swift */; };
		ABF70D512B2C29620082002E /* MotionAnimationView.swift in Sources */ = {isa = PBXBuildFile; fileRef = ABF70D502B2C29620082002E /* MotionAnimationView.swift */; };
/* End PBXBuildFile section */

/* Begin PBXFileReference section */
		AB44FFDB2B318099001C748C /* SettingsView.swift */ = {isa = PBXFileReference; lastKnownFileType = sourcecode.swift; path = SettingsView.swift; sourceTree = "<group>"; };
		ABD258EF2B26BAE900916F06 /* Hike.app */ = {isa = PBXFileReference; explicitFileType = wrapper.application; includeInIndex = 0; path = Hike.app; sourceTree = BUILT_PRODUCTS_DIR; };
		ABD258F22B26BAE900916F06 /* HikeApp.swift */ = {isa = PBXFileReference; lastKnownFileType = sourcecode.swift; path = HikeApp.swift; sourceTree = "<group>"; };
		ABD258F42B26BAE900916F06 /* ContentView.swift */ = {isa = PBXFileReference; lastKnownFileType = sourcecode.swift; path = ContentView.swift; sourceTree = "<group>"; };
		ABD258F62B26BAEA00916F06 /* Assets.xcassets */ = {isa = PBXFileReference; lastKnownFileType = folder.assetcatalog; path = Assets.xcassets; sourceTree = "<group>"; };
		ABD258F92B26BAEA00916F06 /* Preview Assets.xcassets */ = {isa = PBXFileReference; lastKnownFileType = folder.assetcatalog; path = "Preview Assets.xcassets"; sourceTree = "<group>"; };
		ABD259002B26EE4A00916F06 /* CardView.swift */ = {isa = PBXFileReference; lastKnownFileType = sourcecode.swift; path = CardView.swift; sourceTree = "<group>"; };
		ABD259032B26F06800916F06 /* CustomBackgroundView.swift */ = {isa = PBXFileReference; lastKnownFileType = sourcecode.swift; path = CustomBackgroundView.swift; sourceTree = "<group>"; };
		ABD259062B26F51000916F06 /* ColorExtension.swift */ = {isa = PBXFileReference; lastKnownFileType = sourcecode.swift; path = ColorExtension.swift; sourceTree = "<group>"; };
		ABD259082B26FAC300916F06 /* CustomButtonView.swift */ = {isa = PBXFileReference; lastKnownFileType = sourcecode.swift; path = CustomButtonView.swift; sourceTree = "<group>"; };
		ABD9756D2B3927910041AD6F /* CustomListRowView.swift */ = {isa = PBXFileReference; lastKnownFileType = sourcecode.swift; path = CustomListRowView.swift; sourceTree = "<group>"; };
		ABE493162B2BFB4E0028A6A8 /* GradientButtonStyle.swift */ = {isa = PBXFileReference; lastKnownFileType = sourcecode.swift; path = GradientButtonStyle.swift; sourceTree = "<group>"; };
		ABF70D4E2B2C0AFC0082002E /* CustomCircleView.swift */ = {isa = PBXFileReference; lastKnownFileType = sourcecode.swift; path = CustomCircleView.swift; sourceTree = "<group>"; };
		ABF70D502B2C29620082002E /* MotionAnimationView.swift */ = {isa = PBXFileReference; lastKnownFileType = sourcecode.swift; path = MotionAnimationView.swift; sourceTree = "<group>"; };
/* End PBXFileReference section */

/* Begin PBXFrameworksBuildPhase section */
		ABD258EC2B26BAE900916F06 /* Frameworks */ = {
			isa = PBXFrameworksBuildPhase;
			buildActionMask = 2147483647;
			files = (
			);
			runOnlyForDeploymentPostprocessing = 0;
		};
/* End PBXFrameworksBuildPhase section */

/* Begin PBXGroup section */
		AB44FFDA2B31807A001C748C /* Screen */ = {
			isa = PBXGroup;
			children = (
				ABD258F42B26BAE900916F06 /* ContentView.swift */,
				AB44FFDB2B318099001C748C /* SettingsView.swift */,
			);
			path = Screen;
			sourceTree = "<group>";
		};
		ABD258E62B26BAE900916F06 = {
			isa = PBXGroup;
			children = (
				ABD258F12B26BAE900916F06 /* Hike */,
				ABD258F02B26BAE900916F06 /* Products */,
			);
			sourceTree = "<group>";
		};
		ABD258F02B26BAE900916F06 /* Products */ = {
			isa = PBXGroup;
			children = (
				ABD258EF2B26BAE900916F06 /* Hike.app */,
			);
			name = Products;
			sourceTree = "<group>";
		};
		ABD258F12B26BAE900916F06 /* Hike */ = {
			isa = PBXGroup;
			children = (
				ABD259052B26F4DF00916F06 /* Utility */,
				ABD258F22B26BAE900916F06 /* HikeApp.swift */,
				AB44FFDA2B31807A001C748C /* Screen */,
				ABD258F62B26BAEA00916F06 /* Assets.xcassets */,
				ABD258F82B26BAEA00916F06 /* Preview Content */,
				ABD259022B26F03E00916F06 /* Component */,
			);
			path = Hike;
			sourceTree = "<group>";
		};
		ABD258F82B26BAEA00916F06 /* Preview Content */ = {
			isa = PBXGroup;
			children = (
				ABD258F92B26BAEA00916F06 /* Preview Assets.xcassets */,
			);
			path = "Preview Content";
			sourceTree = "<group>";
		};
		ABD259022B26F03E00916F06 /* Component */ = {
			isa = PBXGroup;
			children = (
				ABD259032B26F06800916F06 /* CustomBackgroundView.swift */,
				ABD259002B26EE4A00916F06 /* CardView.swift */,
				ABD259082B26FAC300916F06 /* CustomButtonView.swift */,
				ABF70D4E2B2C0AFC0082002E /* CustomCircleView.swift */,
				ABF70D502B2C29620082002E /* MotionAnimationView.swift */,
				ABD9756D2B3927910041AD6F /* CustomListRowView.swift */,
			);
			path = Component;
			sourceTree = "<group>";
		};
		ABD259052B26F4DF00916F06 /* Utility */ = {
			isa = PBXGroup;
			children = (
				ABD259062B26F51000916F06 /* ColorExtension.swift */,
				ABE493162B2BFB4E0028A6A8 /* GradientButtonStyle.swift */,
			);
			path = Utility;
			sourceTree = "<group>";
		};
/* End PBXGroup section */

/* Begin PBXNativeTarget section */
		ABD258EE2B26BAE900916F06 /* Hike */ = {
			isa = PBXNativeTarget;
			buildConfigurationList = ABD258FD2B26BAEA00916F06 /* Build configuration list for PBXNativeTarget "Hike" */;
			buildPhases = (
				ABD258EB2B26BAE900916F06 /* Sources */,
				ABD258EC2B26BAE900916F06 /* Frameworks */,
				ABD258ED2B26BAE900916F06 /* Resources */,
			);
			buildRules = (
			);
			dependencies = (
			);
			name = Hike;
			productName = Hike;
			productReference = ABD258EF2B26BAE900916F06 /* Hike.app */;
			productType = "com.apple.product-type.application";
		};
/* End PBXNativeTarget section */

/* Begin PBXProject section */
		ABD258E72B26BAE900916F06 /* Project object */ = {
			isa = PBXProject;
			attributes = {
				BuildIndependentTargetsInParallel = 1;
				LastSwiftUpdateCheck = 1500;
				LastUpgradeCheck = 1500;
				TargetAttributes = {
					ABD258EE2B26BAE900916F06 = {
						CreatedOnToolsVersion = 15.0;
					};
				};
			};
			buildConfigurationList = ABD258EA2B26BAE900916F06 /* Build configuration list for PBXProject "Hike" */;
			compatibilityVersion = "Xcode 14.0";
			developmentRegion = en;
			hasScannedForEncodings = 0;
			knownRegions = (
				en,
				Base,
			);
			mainGroup = ABD258E62B26BAE900916F06;
			productRefGroup = ABD258F02B26BAE900916F06 /* Products */;
			projectDirPath = "";
			projectRoot = "";
			targets = (
				ABD258EE2B26BAE900916F06 /* Hike */,
			);
		};
/* End PBXProject section */

/* Begin PBXResourcesBuildPhase section */
		ABD258ED2B26BAE900916F06 /* Resources */ = {
			isa = PBXResourcesBuildPhase;
			buildActionMask = 2147483647;
			files = (
				ABD258FA2B26BAEA00916F06 /* Preview Assets.xcassets in Resources */,
				ABD258F72B26BAEA00916F06 /* Assets.xcassets in Resources */,
			);
			runOnlyForDeploymentPostprocessing = 0;
		};
/* End PBXResourcesBuildPhase section */

/* Begin PBXSourcesBuildPhase section */
		ABD258EB2B26BAE900916F06 /* Sources */ = {
			isa = PBXSourcesBuildPhase;
			buildActionMask = 2147483647;
			files = (
				ABD258F52B26BAE900916F06 /* ContentView.swift in Sources */,
				ABF70D4F2B2C0AFC0082002E /* CustomCircleView.swift in Sources */,
				ABD9756E2B3927910041AD6F /* CustomListRowView.swift in Sources */,
				ABD259012B26EE4A00916F06 /* CardView.swift in Sources */,
				ABD258F32B26BAE900916F06 /* HikeApp.swift in Sources */,
				ABD259092B26FAC300916F06 /* CustomButtonView.swift in Sources */,
				AB44FFDC2B318099001C748C /* SettingsView.swift in Sources */,
				ABE493172B2BFB4E0028A6A8 /* GradientButtonStyle.swift in Sources */,
				ABF70D512B2C29620082002E /* MotionAnimationView.swift in Sources */,
				ABD259042B26F06800916F06 /* CustomBackgroundView.swift in Sources */,
				ABD259072B26F51000916F06 /* ColorExtension.swift in Sources */,
			);
			runOnlyForDeploymentPostprocessing = 0;
		};
/* End PBXSourcesBuildPhase section */

/* Begin XCBuildConfiguration section */
		ABD258FB2B26BAEA00916F06 /* Debug */ = {
			isa = XCBuildConfiguration;
			buildSettings = {
				ALWAYS_SEARCH_USER_PATHS = NO;
				ASSETCATALOG_COMPILER_GENERATE_SWIFT_ASSET_SYMBOL_EXTENSIONS = YES;
				CLANG_ANALYZER_NONNULL = YES;
				CLANG_ANALYZER_NUMBER_OBJECT_CONVERSION = YES_AGGRESSIVE;
				CLANG_CXX_LANGUAGE_STANDARD = "gnu++20";
				CLANG_ENABLE_MODULES = YES;
				CLANG_ENABLE_OBJC_ARC = YES;
				CLANG_ENABLE_OBJC_WEAK = YES;
				CLANG_WARN_BLOCK_CAPTURE_AUTORELEASING = YES;
				CLANG_WARN_BOOL_CONVERSION = YES;
				CLANG_WARN_COMMA = YES;
				CLANG_WARN_CONSTANT_CONVERSION = YES;
				CLANG_WARN_DEPRECATED_OBJC_IMPLEMENTATIONS = YES;
				CLANG_WARN_DIRECT_OBJC_ISA_USAGE = YES_ERROR;
				CLANG_WARN_DOCUMENTATION_COMMENTS = YES;
				CLANG_WARN_EMPTY_BODY = YES;
				CLANG_WARN_ENUM_CONVERSION = YES;
				CLANG_WARN_INFINITE_RECURSION = YES;
				CLANG_WARN_INT_CONVERSION = YES;
				CLANG_WARN_NON_LITERAL_NULL_CONVERSION = YES;
				CLANG_WARN_OBJC_IMPLICIT_RETAIN_SELF = YES;
				CLANG_WARN_OBJC_LITERAL_CONVERSION = YES;
				CLANG_WARN_OBJC_ROOT_CLASS = YES_ERROR;
				CLANG_WARN_QUOTED_INCLUDE_IN_FRAMEWORK_HEADER = YES;
				CLANG_WARN_RANGE_LOOP_ANALYSIS = YES;
				CLANG_WARN_STRICT_PROTOTYPES = YES;
				CLANG_WARN_SUSPICIOUS_MOVE = YES;
				CLANG_WARN_UNGUARDED_AVAILABILITY = YES_AGGRESSIVE;
				CLANG_WARN_UNREACHABLE_CODE = YES;
				CLANG_WARN__DUPLICATE_METHOD_MATCH = YES;
				COPY_PHASE_STRIP = NO;
				DEBUG_INFORMATION_FORMAT = dwarf;
				ENABLE_STRICT_OBJC_MSGSEND = YES;
				ENABLE_TESTABILITY = YES;
				ENABLE_USER_SCRIPT_SANDBOXING = YES;
				GCC_C_LANGUAGE_STANDARD = gnu17;
				GCC_DYNAMIC_NO_PIC = NO;
				GCC_NO_COMMON_BLOCKS = YES;
				GCC_OPTIMIZATION_LEVEL = 0;
				GCC_PREPROCESSOR_DEFINITIONS = (
					"DEBUG=1",
					"$(inherited)",
				);
				GCC_WARN_64_TO_32_BIT_CONVERSION = YES;
				GCC_WARN_ABOUT_RETURN_TYPE = YES_ERROR;
				GCC_WARN_UNDECLARED_SELECTOR = YES;
				GCC_WARN_UNINITIALIZED_AUTOS = YES_AGGRESSIVE;
				GCC_WARN_UNUSED_FUNCTION = YES;
				GCC_WARN_UNUSED_VARIABLE = YES;
				IPHONEOS_DEPLOYMENT_TARGET = 17.0;
				LOCALIZATION_PREFERS_STRING_CATALOGS = YES;
				MTL_ENABLE_DEBUG_INFO = INCLUDE_SOURCE;
				MTL_FAST_MATH = YES;
				ONLY_ACTIVE_ARCH = YES;
				SDKROOT = iphoneos;
				SWIFT_ACTIVE_COMPILATION_CONDITIONS = "DEBUG $(inherited)";
				SWIFT_OPTIMIZATION_LEVEL = "-Onone";
			};
			name = Debug;
		};
		ABD258FC2B26BAEA00916F06 /* Release */ = {
			isa = XCBuildConfiguration;
			buildSettings = {
				ALWAYS_SEARCH_USER_PATHS = NO;
				ASSETCATALOG_COMPILER_GENERATE_SWIFT_ASSET_SYMBOL_EXTENSIONS = YES;
				CLANG_ANALYZER_NONNULL = YES;
				CLANG_ANALYZER_NUMBER_OBJECT_CONVERSION = YES_AGGRESSIVE;
				CLANG_CXX_LANGUAGE_STANDARD = "gnu++20";
				CLANG_ENABLE_MODULES = YES;
				CLANG_ENABLE_OBJC_ARC = YES;
				CLANG_ENABLE_OBJC_WEAK = YES;
				CLANG_WARN_BLOCK_CAPTURE_AUTORELEASING = YES;
				CLANG_WARN_BOOL_CONVERSION = YES;
				CLANG_WARN_COMMA = YES;
				CLANG_WARN_CONSTANT_CONVERSION = YES;
				CLANG_WARN_DEPRECATED_OBJC_IMPLEMENTATIONS = YES;
				CLANG_WARN_DIRECT_OBJC_ISA_USAGE = YES_ERROR;
				CLANG_WARN_DOCUMENTATION_COMMENTS = YES;
				CLANG_WARN_EMPTY_BODY = YES;
				CLANG_WARN_ENUM_CONVERSION = YES;
				CLANG_WARN_INFINITE_RECURSION = YES;
				CLANG_WARN_INT_CONVERSION = YES;
				CLANG_WARN_NON_LITERAL_NULL_CONVERSION = YES;
				CLANG_WARN_OBJC_IMPLICIT_RETAIN_SELF = YES;
				CLANG_WARN_OBJC_LITERAL_CONVERSION = YES;
				CLANG_WARN_OBJC_ROOT_CLASS = YES_ERROR;
				CLANG_WARN_QUOTED_INCLUDE_IN_FRAMEWORK_HEADER = YES;
				CLANG_WARN_RANGE_LOOP_ANALYSIS = YES;
				CLANG_WARN_STRICT_PROTOTYPES = YES;
				CLANG_WARN_SUSPICIOUS_MOVE = YES;
				CLANG_WARN_UNGUARDED_AVAILABILITY = YES_AGGRESSIVE;
				CLANG_WARN_UNREACHABLE_CODE = YES;
				CLANG_WARN__DUPLICATE_METHOD_MATCH = YES;
				COPY_PHASE_STRIP = NO;
				DEBUG_INFORMATION_FORMAT = "dwarf-with-dsym";
				ENABLE_NS_ASSERTIONS = NO;
				ENABLE_STRICT_OBJC_MSGSEND = YES;
				ENABLE_USER_SCRIPT_SANDBOXING = YES;
				GCC_C_LANGUAGE_STANDARD = gnu17;
				GCC_NO_COMMON_BLOCKS = YES;
				GCC_WARN_64_TO_32_BIT_CONVERSION = YES;
				GCC_WARN_ABOUT_RETURN_TYPE = YES_ERROR;
				GCC_WARN_UNDECLARED_SELECTOR = YES;
				GCC_WARN_UNINITIALIZED_AUTOS = YES_AGGRESSIVE;
				GCC_WARN_UNUSED_FUNCTION = YES;
				GCC_WARN_UNUSED_VARIABLE = YES;
				IPHONEOS_DEPLOYMENT_TARGET = 17.0;
				LOCALIZATION_PREFERS_STRING_CATALOGS = YES;
				MTL_ENABLE_DEBUG_INFO = NO;
				MTL_FAST_MATH = YES;
				SDKROOT = iphoneos;
				SWIFT_COMPILATION_MODE = wholemodule;
				VALIDATE_PRODUCT = YES;
			};
			name = Release;
		};
		ABD258FE2B26BAEA00916F06 /* Debug */ = {
			isa = XCBuildConfiguration;
			buildSettings = {
				ASSETCATALOG_COMPILER_ALTERNATE_APPICON_NAMES = "";
				ASSETCATALOG_COMPILER_APPICON_NAME = AppIcon;
				ASSETCATALOG_COMPILER_GLOBAL_ACCENT_COLOR_NAME = AccentColor;
				ASSETCATALOG_COMPILER_INCLUDE_ALL_APPICON_ASSETS = YES;
				CODE_SIGN_STYLE = Automatic;
				CURRENT_PROJECT_VERSION = 1;
				DEVELOPMENT_ASSET_PATHS = "\"Hike/Preview Content\"";
				DEVELOPMENT_TEAM = 36TXJ8XS2L;
				ENABLE_PREVIEWS = YES;
				GENERATE_INFOPLIST_FILE = YES;
				INFOPLIST_KEY_UIApplicationSceneManifest_Generation = YES;
				INFOPLIST_KEY_UIApplicationSupportsIndirectInputEvents = YES;
				INFOPLIST_KEY_UILaunchScreen_Generation = YES;
				INFOPLIST_KEY_UISupportedInterfaceOrientations_iPad = "UIInterfaceOrientationPortrait UIInterfaceOrientationPortraitUpsideDown UIInterfaceOrientationLandscapeLeft UIInterfaceOrientationLandscapeRight";
				INFOPLIST_KEY_UISupportedInterfaceOrientations_iPhone = "UIInterfaceOrientationPortrait UIInterfaceOrientationLandscapeLeft UIInterfaceOrientationLandscapeRight";
				LD_RUNPATH_SEARCH_PATHS = (
					"$(inherited)",
					"@executable_path/Frameworks",
				);
				MARKETING_VERSION = 1.0;
				PRODUCT_BUNDLE_IDENTIFIER = com.qhungtr.Hike;
				PRODUCT_NAME = "$(TARGET_NAME)";
				SWIFT_EMIT_LOC_STRINGS = YES;
				SWIFT_VERSION = 5.0;
				TARGETED_DEVICE_FAMILY = "1,2";
			};
			name = Debug;
		};
		ABD258FF2B26BAEA00916F06 /* Release */ = {
			isa = XCBuildConfiguration;
			buildSettings = {
				ASSETCATALOG_COMPILER_ALTERNATE_APPICON_NAMES = "";
				ASSETCATALOG_COMPILER_APPICON_NAME = AppIcon;
				ASSETCATALOG_COMPILER_GLOBAL_ACCENT_COLOR_NAME = AccentColor;
				ASSETCATALOG_COMPILER_INCLUDE_ALL_APPICON_ASSETS = YES;
				CODE_SIGN_STYLE = Automatic;
				CURRENT_PROJECT_VERSION = 1;
				DEVELOPMENT_ASSET_PATHS = "\"Hike/Preview Content\"";
				DEVELOPMENT_TEAM = 36TXJ8XS2L;
				ENABLE_PREVIEWS = YES;
				GENERATE_INFOPLIST_FILE = YES;
				INFOPLIST_KEY_UIApplicationSceneManifest_Generation = YES;
				INFOPLIST_KEY_UIApplicationSupportsIndirectInputEvents = YES;
				INFOPLIST_KEY_UILaunchScreen_Generation = YES;
				INFOPLIST_KEY_UISupportedInterfaceOrientations_iPad = "UIInterfaceOrientationPortrait UIInterfaceOrientationPortraitUpsideDown UIInterfaceOrientationLandscapeLeft UIInterfaceOrientationLandscapeRight";
				INFOPLIST_KEY_UISupportedInterfaceOrientations_iPhone = "UIInterfaceOrientationPortrait UIInterfaceOrientationLandscapeLeft UIInterfaceOrientationLandscapeRight";
				LD_RUNPATH_SEARCH_PATHS = (
					"$(inherited)",
					"@executable_path/Frameworks",
				);
				MARKETING_VERSION = 1.0;
				PRODUCT_BUNDLE_IDENTIFIER = com.qhungtr.Hike;
				PRODUCT_NAME = "$(TARGET_NAME)";
				SWIFT_EMIT_LOC_STRINGS = YES;
				SWIFT_VERSION = 5.0;
				TARGETED_DEVICE_FAMILY = "1,2";
			};
			name = Release;
		};
/* End XCBuildConfiguration section */

/* Begin XCConfigurationList section */
		ABD258EA2B26BAE900916F06 /* Build configuration list for PBXProject "Hike" */ = {
			isa = XCConfigurationList;
			buildConfigurations = (
				ABD258FB2B26BAEA00916F06 /* Debug */,
				ABD258FC2B26BAEA00916F06 /* Release */,
			);
			defaultConfigurationIsVisible = 0;
			defaultConfigurationName = Release;
		};
		ABD258FD2B26BAEA00916F06 /* Build configuration list for PBXNativeTarget "Hike" */ = {
			isa = XCConfigurationList;
			buildConfigurations = (
				ABD258FE2B26BAEA00916F06 /* Debug */,
				ABD258FF2B26BAEA00916F06 /* Release */,
			);
			defaultConfigurationIsVisible = 0;
			defaultConfigurationName = Release;
		};
/* End XCConfigurationList section */
	};
	rootObject = ABD258E72B26BAE900916F06 /* Project object */;
}
